
Microsoft Visual Studio Solution File, Format Version 12.00
# Visual Studio Version 17
VisualStudioVersion = 17.7.34024.191
MinimumVisualStudioVersion = 10.0.40219.1
Project("{FAE04EC0-301F-11D3-BF4B-00C04F79EFBC}") = "JHReddit", "JHReddit\JHReddit.csproj", "{6EE19FB5-651D-4EBA-A4D3-8E286386280D}"
EndProject
Global
	GlobalSection(SolutionConfigurationPlatforms) = preSolution
		Debug|Any CPU = Debug|Any CPU
		Release|Any CPU = Release|Any CPU
	EndGlobalSection
	GlobalSection(ProjectConfigurationPlatforms) = postSolution
		{6EE19FB5-651D-4EBA-A4D3-8E286386280D}.Debug|Any CPU.ActiveCfg = Debug|Any CPU
		{6EE19FB5-651D-4EBA-A4D3-8E286386280D}.Debug|Any CPU.Build.0 = Debug|Any CPU
		{6EE19FB5-651D-4EBA-A4D3-8E286386280D}.Release|Any CPU.ActiveCfg = Release|Any CPU
		{6EE19FB5-651D-4EBA-A4D3-8E286386280D}.Release|Any CPU.Build.0 = Release|Any CPU
	EndGlobalSection
	GlobalSection(SolutionProperties) = preSolution
		HideSolutionNode = FALSE
	EndGlobalSection
	GlobalSection(ExtensibilityGlobals) = postSolution
		SolutionGuid = {6585673A-C6C4-4332-993E-A62B77C8F8C0}
	EndGlobalSection
EndGlobal
